
Microsoft Visual Studio Solution File, Format Version 12.00
# Visual Studio Version 16
VisualStudioVersion = 16.0.31129.286
MinimumVisualStudioVersion = 10.0.40219.1
Project("{FAE04EC0-301F-11D3-BF4B-00C04F79EFBC}") = "RazorPagesMovie", "RazorPagesMovie\RazorPagesMovie.csproj", "{35E0A32A-A94D-40DB-B102-B4A66328D18F}"
EndProject
Global
	GlobalSection(SolutionConfigurationPlatforms) = preSolution
		Debug|Any CPU = Debug|Any CPU
		Release|Any CPU = Release|Any CPU
	EndGlobalSection
	GlobalSection(ProjectConfigurationPlatforms) = postSolution
		{35E0A32A-A94D-40DB-B102-B4A66328D18F}.Debug|Any CPU.ActiveCfg = Debug|Any CPU
		{35E0A32A-A94D-40DB-B102-B4A66328D18F}.Debug|Any CPU.Build.0 = Debug|Any CPU
		{35E0A32A-A94D-40DB-B102-B4A66328D18F}.Release|Any CPU.ActiveCfg = Release|Any CPU
		{35E0A32A-A94D-40DB-B102-B4A66328D18F}.Release|Any CPU.Build.0 = Release|Any CPU
	EndGlobalSection
	GlobalSection(SolutionProperties) = preSolution
		HideSolutionNode = FALSE
	EndGlobalSection
	GlobalSection(ExtensibilityGlobals) = postSolution
		SolutionGuid = {E6BFF2EF-9ED5-4AF4-93E0-7E5331D41174}
	EndGlobalSection
EndGlobal
